// !$*UTF8*$!
{
	archiveVersion = 1;
	classes = {
	};
	objectVersion = 50;
	objects = {

/* Begin PBXBuildFile section */
		832971A320FB82BA00377EC6 /* ViewControllerHomeScreen.swift in Sources */ = {isa = PBXBuildFile; fileRef = 832971A220FB82BA00377EC6 /* ViewControllerHomeScreen.swift */; };
		8390238C20FA7C77009AB7D1 /* AppDelegate.swift in Sources */ = {isa = PBXBuildFile; fileRef = 8390238B20FA7C77009AB7D1 /* AppDelegate.swift */; };
		8390238E20FA7C77009AB7D1 /* ViewController.swift in Sources */ = {isa = PBXBuildFile; fileRef = 8390238D20FA7C77009AB7D1 /* ViewController.swift */; };
		8390239120FA7C77009AB7D1 /* Main.storyboard in Resources */ = {isa = PBXBuildFile; fileRef = 8390238F20FA7C77009AB7D1 /* Main.storyboard */; };
		8390239620FA7C7D009AB7D1 /* LaunchScreen.storyboard in Resources */ = {isa = PBXBuildFile; fileRef = 8390239420FA7C7D009AB7D1 /* LaunchScreen.storyboard */; };
		839023CA20FA860B009AB7D1 /* ViewControllerOnboarding.swift in Sources */ = {isa = PBXBuildFile; fileRef = 839023C920FA860B009AB7D1 /* ViewControllerOnboarding.swift */; };
		83B82B7621D46F5C008305BE /* PaperOnboarding.framework in Frameworks */ = {isa = PBXBuildFile; fileRef = 83B82B7521D46F5C008305BE /* PaperOnboarding.framework */; };
		83B82B7721D46F5C008305BE /* PaperOnboarding.framework in Embed Frameworks */ = {isa = PBXBuildFile; fileRef = 83B82B7521D46F5C008305BE /* PaperOnboarding.framework */; settings = {ATTRIBUTES = (CodeSignOnCopy, RemoveHeadersOnCopy, ); }; };
		83B82B7A21D46F77008305BE /* CropViewController.framework in Frameworks */ = {isa = PBXBuildFile; fileRef = 83B82B7921D46F77008305BE /* CropViewController.framework */; };
		83B82B7B21D46F77008305BE /* CropViewController.framework in Embed Frameworks */ = {isa = PBXBuildFile; fileRef = 83B82B7921D46F77008305BE /* CropViewController.framework */; settings = {ATTRIBUTES = (CodeSignOnCopy, RemoveHeadersOnCopy, ); }; };
		83F0282820FC171E00ABB8B9 /* frozen_model.mlmodel in Sources */ = {isa = PBXBuildFile; fileRef = 83F0282720FC171E00ABB8B9 /* frozen_model.mlmodel */; };
		83F0283420FDE09F00ABB8B9 /* Assets.xcassets in Resources */ = {isa = PBXBuildFile; fileRef = 83F0283320FDE09E00ABB8B9 /* Assets.xcassets */; };
/* End PBXBuildFile section */

/* Begin PBXContainerItemProxy section */
		8390239D20FA7C7D009AB7D1 /* PBXContainerItemProxy */ = {
			isa = PBXContainerItemProxy;
			containerPortal = 8390238020FA7C77009AB7D1 /* Project object */;
			proxyType = 1;
			remoteGlobalIDString = 8390238720FA7C77009AB7D1;
			remoteInfo = "Bei Fisch frag Chrisch";
		};
		839023A820FA7C7D009AB7D1 /* PBXContainerItemProxy */ = {
			isa = PBXContainerItemProxy;
			containerPortal = 8390238020FA7C77009AB7D1 /* Project object */;
			proxyType = 1;
			remoteGlobalIDString = 8390238720FA7C77009AB7D1;
			remoteInfo = "Bei Fisch frag Chrisch";
		};
/* End PBXContainerItemProxy section */

/* Begin PBXCopyFilesBuildPhase section */
		83B82B7821D46F5C008305BE /* Embed Frameworks */ = {
			isa = PBXCopyFilesBuildPhase;
			buildActionMask = 2147483647;
			dstPath = "";
			dstSubfolderSpec = 10;
			files = (
				83B82B7721D46F5C008305BE /* PaperOnboarding.framework in Embed Frameworks */,
				83B82B7B21D46F77008305BE /* CropViewController.framework in Embed Frameworks */,
			);
			name = "Embed Frameworks";
			runOnlyForDeploymentPostprocessing = 0;
		};
/* End PBXCopyFilesBuildPhase section */

/* Begin PBXFileReference section */
		832971A220FB82BA00377EC6 /* ViewControllerHomeScreen.swift */ = {isa = PBXFileReference; lastKnownFileType = sourcecode.swift; path = ViewControllerHomeScreen.swift; sourceTree = "<group>"; };
		8390238820FA7C77009AB7D1 /* Bei Fisch frag Chrisch.app */ = {isa = PBXFileReference; explicitFileType = wrapper.application; includeInIndex = 0; path = "Bei Fisch frag Chrisch.app"; sourceTree = BUILT_PRODUCTS_DIR; };
		8390238B20FA7C77009AB7D1 /* AppDelegate.swift */ = {isa = PBXFileReference; lastKnownFileType = sourcecode.swift; path = AppDelegate.swift; sourceTree = "<group>"; };
		8390238D20FA7C77009AB7D1 /* ViewController.swift */ = {isa = PBXFileReference; lastKnownFileType = sourcecode.swift; path = ViewController.swift; sourceTree = "<group>"; };
		8390239020FA7C77009AB7D1 /* Base */ = {isa = PBXFileReference; lastKnownFileType = file.storyboard; name = Base; path = Base.lproj/Main.storyboard; sourceTree = "<group>"; };
		8390239520FA7C7D009AB7D1 /* Base */ = {isa = PBXFileReference; lastKnownFileType = file.storyboard; name = Base; path = Base.lproj/LaunchScreen.storyboard; sourceTree = "<group>"; };
		8390239720FA7C7D009AB7D1 /* Info.plist */ = {isa = PBXFileReference; lastKnownFileType = text.plist.xml; path = Info.plist; sourceTree = "<group>"; };
		8390239C20FA7C7D009AB7D1 /* Bei Fisch frag ChrischTests.xctest */ = {isa = PBXFileReference; explicitFileType = wrapper.cfbundle; includeInIndex = 0; path = "Bei Fisch frag ChrischTests.xctest"; sourceTree = BUILT_PRODUCTS_DIR; };
		839023A720FA7C7D009AB7D1 /* Bei Fisch frag ChrischUITests.xctest */ = {isa = PBXFileReference; explicitFileType = wrapper.cfbundle; includeInIndex = 0; path = "Bei Fisch frag ChrischUITests.xctest"; sourceTree = BUILT_PRODUCTS_DIR; };
		839023BA20FA824C009AB7D1 /* PaperOnboarding.framework */ = {isa = PBXFileReference; lastKnownFileType = wrapper.framework; name = PaperOnboarding.framework; path = Carthage/Build/iOS/PaperOnboarding.framework; sourceTree = "<group>"; };
		839023C920FA860B009AB7D1 /* ViewControllerOnboarding.swift */ = {isa = PBXFileReference; lastKnownFileType = sourcecode.swift; path = ViewControllerOnboarding.swift; sourceTree = "<group>"; };
		83B82B7521D46F5C008305BE /* PaperOnboarding.framework */ = {isa = PBXFileReference; lastKnownFileType = wrapper.framework; name = PaperOnboarding.framework; path = Carthage/Build/iOS/PaperOnboarding.framework; sourceTree = "<group>"; };
		83B82B7921D46F77008305BE /* CropViewController.framework */ = {isa = PBXFileReference; lastKnownFileType = wrapper.framework; name = CropViewController.framework; path = Carthage/Build/iOS/CropViewController.framework; sourceTree = "<group>"; };
		83F0282720FC171E00ABB8B9 /* frozen_model.mlmodel */ = {isa = PBXFileReference; lastKnownFileType = file.mlmodel; path = frozen_model.mlmodel; sourceTree = "<group>"; };
		83F0283320FDE09E00ABB8B9 /* Assets.xcassets */ = {isa = PBXFileReference; lastKnownFileType = folder.assetcatalog; path = Assets.xcassets; sourceTree = "<group>"; };
/* End PBXFileReference section */

/* Begin PBXFrameworksBuildPhase section */
		8390238520FA7C77009AB7D1 /* Frameworks */ = {
			isa = PBXFrameworksBuildPhase;
			buildActionMask = 2147483647;
			files = (
				83B82B7621D46F5C008305BE /* PaperOnboarding.framework in Frameworks */,
				83B82B7A21D46F77008305BE /* CropViewController.framework in Frameworks */,
			);
			runOnlyForDeploymentPostprocessing = 0;
		};
		8390239920FA7C7D009AB7D1 /* Frameworks */ = {
			isa = PBXFrameworksBuildPhase;
			buildActionMask = 2147483647;
			files = (
			);
			runOnlyForDeploymentPostprocessing = 0;
		};
		839023A420FA7C7D009AB7D1 /* Frameworks */ = {
			isa = PBXFrameworksBuildPhase;
			buildActionMask = 2147483647;
			files = (
			);
			runOnlyForDeploymentPostprocessing = 0;
		};
/* End PBXFrameworksBuildPhase section */

/* Begin PBXGroup section */
		8390237F20FA7C77009AB7D1 = {
			isa = PBXGroup;
			children = (
				83B82B7921D46F77008305BE /* CropViewController.framework */,
				83B82B7521D46F5C008305BE /* PaperOnboarding.framework */,
				8390238A20FA7C77009AB7D1 /* Bei Fisch frag Chrisch */,
				8390238920FA7C77009AB7D1 /* Products */,
				839023B920FA824B009AB7D1 /* Frameworks */,
			);
			sourceTree = "<group>";
		};
		8390238920FA7C77009AB7D1 /* Products */ = {
			isa = PBXGroup;
			children = (
				8390238820FA7C77009AB7D1 /* Bei Fisch frag Chrisch.app */,
				8390239C20FA7C7D009AB7D1 /* Bei Fisch frag ChrischTests.xctest */,
				839023A720FA7C7D009AB7D1 /* Bei Fisch frag ChrischUITests.xctest */,
			);
			name = Products;
			sourceTree = "<group>";
		};
		8390238A20FA7C77009AB7D1 /* Bei Fisch frag Chrisch */ = {
			isa = PBXGroup;
			children = (
				83F0282720FC171E00ABB8B9 /* frozen_model.mlmodel */,
				8390238B20FA7C77009AB7D1 /* AppDelegate.swift */,
				8390238D20FA7C77009AB7D1 /* ViewController.swift */,
				832971A220FB82BA00377EC6 /* ViewControllerHomeScreen.swift */,
				839023C920FA860B009AB7D1 /* ViewControllerOnboarding.swift */,
				8390238F20FA7C77009AB7D1 /* Main.storyboard */,
				83F0283320FDE09E00ABB8B9 /* Assets.xcassets */,
				8390239420FA7C7D009AB7D1 /* LaunchScreen.storyboard */,
				8390239720FA7C7D009AB7D1 /* Info.plist */,
			);
			path = "Bei Fisch frag Chrisch";
			sourceTree = "<group>";
		};
		839023B920FA824B009AB7D1 /* Frameworks */ = {
			isa = PBXGroup;
			children = (
				839023BA20FA824C009AB7D1 /* PaperOnboarding.framework */,
			);
			name = Frameworks;
			sourceTree = "<group>";
		};
/* End PBXGroup section */

/* Begin PBXNativeTarget section */
		8390238720FA7C77009AB7D1 /* Bei Fisch frag Chrisch */ = {
			isa = PBXNativeTarget;
			buildConfigurationList = 839023B020FA7C7D009AB7D1 /* Build configuration list for PBXNativeTarget "Bei Fisch frag Chrisch" */;
			buildPhases = (
				8390238420FA7C77009AB7D1 /* Sources */,
				8390238520FA7C77009AB7D1 /* Frameworks */,
				8390238620FA7C77009AB7D1 /* Resources */,
				83B82B7821D46F5C008305BE /* Embed Frameworks */,
			);
			buildRules = (
			);
			dependencies = (
			);
			name = "Bei Fisch frag Chrisch";
			productName = "Bei Fisch frag Chrisch";
			productReference = 8390238820FA7C77009AB7D1 /* Bei Fisch frag Chrisch.app */;
			productType = "com.apple.product-type.application";
		};
		8390239B20FA7C7D009AB7D1 /* Bei Fisch frag ChrischTests */ = {
			isa = PBXNativeTarget;
			buildConfigurationList = 839023B320FA7C7D009AB7D1 /* Build configuration list for PBXNativeTarget "Bei Fisch frag ChrischTests" */;
			buildPhases = (
				8390239820FA7C7D009AB7D1 /* Sources */,
				8390239920FA7C7D009AB7D1 /* Frameworks */,
				8390239A20FA7C7D009AB7D1 /* Resources */,
			);
			buildRules = (
			);
			dependencies = (
				8390239E20FA7C7D009AB7D1 /* PBXTargetDependency */,
			);
			name = "Bei Fisch frag ChrischTests";
			productName = "Bei Fisch frag ChrischTests";
			productReference = 8390239C20FA7C7D009AB7D1 /* Bei Fisch frag ChrischTests.xctest */;
			productType = "com.apple.product-type.bundle.unit-test";
		};
		839023A620FA7C7D009AB7D1 /* Bei Fisch frag ChrischUITests */ = {
			isa = PBXNativeTarget;
			buildConfigurationList = 839023B620FA7C7D009AB7D1 /* Build configuration list for PBXNativeTarget "Bei Fisch frag ChrischUITests" */;
			buildPhases = (
				839023A320FA7C7D009AB7D1 /* Sources */,
				839023A420FA7C7D009AB7D1 /* Frameworks */,
				839023A520FA7C7D009AB7D1 /* Resources */,
			);
			buildRules = (
			);
			dependencies = (
				839023A920FA7C7D009AB7D1 /* PBXTargetDependency */,
			);
			name = "Bei Fisch frag ChrischUITests";
			productName = "Bei Fisch frag ChrischUITests";
			productReference = 839023A720FA7C7D009AB7D1 /* Bei Fisch frag ChrischUITests.xctest */;
			productType = "com.apple.product-type.bundle.ui-testing";
		};
/* End PBXNativeTarget section */

/* Begin PBXProject section */
		8390238020FA7C77009AB7D1 /* Project object */ = {
			isa = PBXProject;
			attributes = {
				LastSwiftUpdateCheck = 0930;
				LastUpgradeCheck = 0930;
				ORGANIZATIONNAME = "Christian Westphal";
				TargetAttributes = {
					8390238720FA7C77009AB7D1 = {
						CreatedOnToolsVersion = 9.3;
					};
					8390239B20FA7C7D009AB7D1 = {
						CreatedOnToolsVersion = 9.3;
						TestTargetID = 8390238720FA7C77009AB7D1;
					};
					839023A620FA7C7D009AB7D1 = {
						CreatedOnToolsVersion = 9.3;
						TestTargetID = 8390238720FA7C77009AB7D1;
					};
				};
			};
			buildConfigurationList = 8390238320FA7C77009AB7D1 /* Build configuration list for PBXProject "Bei Fisch frag Chrisch" */;
			compatibilityVersion = "Xcode 9.3";
			developmentRegion = en;
			hasScannedForEncodings = 0;
			knownRegions = (
				en,
				Base,
			);
			mainGroup = 8390237F20FA7C77009AB7D1;
			productRefGroup = 8390238920FA7C77009AB7D1 /* Products */;
			projectDirPath = "";
			projectRoot = "";
			targets = (
				8390238720FA7C77009AB7D1 /* Bei Fisch frag Chrisch */,
				8390239B20FA7C7D009AB7D1 /* Bei Fisch frag ChrischTests */,
				839023A620FA7C7D009AB7D1 /* Bei Fisch frag ChrischUITests */,
			);
		};
/* End PBXProject section */

/* Begin PBXResourcesBuildPhase section */
		8390238620FA7C77009AB7D1 /* Resources */ = {
			isa = PBXResourcesBuildPhase;
			buildActionMask = 2147483647;
			files = (
				8390239620FA7C7D009AB7D1 /* LaunchScreen.storyboard in Resources */,
				83F0283420FDE09F00ABB8B9 /* Assets.xcassets in Resources */,
				8390239120FA7C77009AB7D1 /* Main.storyboard in Resources */,
			);
			runOnlyForDeploymentPostprocessing = 0;
		};
		8390239A20FA7C7D009AB7D1 /* Resources */ = {
			isa = PBXResourcesBuildPhase;
			buildActionMask = 2147483647;
			files = (
			);
			runOnlyForDeploymentPostprocessing = 0;
		};
		839023A520FA7C7D009AB7D1 /* Resources */ = {
			isa = PBXResourcesBuildPhase;
			buildActionMask = 2147483647;
			files = (
			);
			runOnlyForDeploymentPostprocessing = 0;
		};
/* End PBXResourcesBuildPhase section */

/* Begin PBXSourcesBuildPhase section */
		8390238420FA7C77009AB7D1 /* Sources */ = {
			isa = PBXSourcesBuildPhase;
			buildActionMask = 2147483647;
			files = (
				83F0282820FC171E00ABB8B9 /* frozen_model.mlmodel in Sources */,
				839023CA20FA860B009AB7D1 /* ViewControllerOnboarding.swift in Sources */,
				832971A320FB82BA00377EC6 /* ViewControllerHomeScreen.swift in Sources */,
				8390238E20FA7C77009AB7D1 /* ViewController.swift in Sources */,
				8390238C20FA7C77009AB7D1 /* AppDelegate.swift in Sources */,
			);
			runOnlyForDeploymentPostprocessing = 0;
		};
		8390239820FA7C7D009AB7D1 /* Sources */ = {
			isa = PBXSourcesBuildPhase;
			buildActionMask = 2147483647;
			files = (
			);
			runOnlyForDeploymentPostprocessing = 0;
		};
		839023A320FA7C7D009AB7D1 /* Sources */ = {
			isa = PBXSourcesBuildPhase;
			buildActionMask = 2147483647;
			files = (
			);
			runOnlyForDeploymentPostprocessing = 0;
		};
/* End PBXSourcesBuildPhase section */

/* Begin PBXTargetDependency section */
		8390239E20FA7C7D009AB7D1 /* PBXTargetDependency */ = {
			isa = PBXTargetDependency;
			target = 8390238720FA7C77009AB7D1 /* Bei Fisch frag Chrisch */;
			targetProxy = 8390239D20FA7C7D009AB7D1 /* PBXContainerItemProxy */;
		};
		839023A920FA7C7D009AB7D1 /* PBXTargetDependency */ = {
			isa = PBXTargetDependency;
			target = 8390238720FA7C77009AB7D1 /* Bei Fisch frag Chrisch */;
			targetProxy = 839023A820FA7C7D009AB7D1 /* PBXContainerItemProxy */;
		};
/* End PBXTargetDependency section */

/* Begin PBXVariantGroup section */
		8390238F20FA7C77009AB7D1 /* Main.storyboard */ = {
			isa = PBXVariantGroup;
			children = (
				8390239020FA7C77009AB7D1 /* Base */,
			);
			name = Main.storyboard;
			sourceTree = "<group>";
		};
		8390239420FA7C7D009AB7D1 /* LaunchScreen.storyboard */ = {
			isa = PBXVariantGroup;
			children = (
				8390239520FA7C7D009AB7D1 /* Base */,
			);
			name = LaunchScreen.storyboard;
			sourceTree = "<group>";
		};
/* End PBXVariantGroup section */

/* Begin XCBuildConfiguration section */
		839023AE20FA7C7D009AB7D1 /* Debug */ = {
			isa = XCBuildConfiguration;
			buildSettings = {
				ALWAYS_SEARCH_USER_PATHS = NO;
				CLANG_ANALYZER_NONNULL = YES;
				CLANG_ANALYZER_NUMBER_OBJECT_CONVERSION = YES_AGGRESSIVE;
				CLANG_CXX_LANGUAGE_STANDARD = "gnu++14";
				CLANG_CXX_LIBRARY = "libc++";
				CLANG_ENABLE_MODULES = YES;
				CLANG_ENABLE_OBJC_ARC = YES;
				CLANG_ENABLE_OBJC_WEAK = YES;
				CLANG_WARN_BLOCK_CAPTURE_AUTORELEASING = YES;
				CLANG_WARN_BOOL_CONVERSION = YES;
				CLANG_WARN_COMMA = YES;
				CLANG_WARN_CONSTANT_CONVERSION = YES;
				CLANG_WARN_DEPRECATED_OBJC_IMPLEMENTATIONS = YES;
				CLANG_WARN_DIRECT_OBJC_ISA_USAGE = YES_ERROR;
				CLANG_WARN_DOCUMENTATION_COMMENTS = YES;
				CLANG_WARN_EMPTY_BODY = YES;
				CLANG_WARN_ENUM_CONVERSION = YES;
				CLANG_WARN_INFINITE_RECURSION = YES;
				CLANG_WARN_INT_CONVERSION = YES;
				CLANG_WARN_NON_LITERAL_NULL_CONVERSION = YES;
				CLANG_WARN_OBJC_IMPLICIT_RETAIN_SELF = YES;
				CLANG_WARN_OBJC_LITERAL_CONVERSION = YES;
				CLANG_WARN_OBJC_ROOT_CLASS = YES_ERROR;
				CLANG_WARN_RANGE_LOOP_ANALYSIS = YES;
				CLANG_WARN_STRICT_PROTOTYPES = YES;
				CLANG_WARN_SUSPICIOUS_MOVE = YES;
				CLANG_WARN_UNGUARDED_AVAILABILITY = YES_AGGRESSIVE;
				CLANG_WARN_UNREACHABLE_CODE = YES;
				CLANG_WARN__DUPLICATE_METHOD_MATCH = YES;
				CODE_SIGN_IDENTITY = "iPhone Developer";
				COPY_PHASE_STRIP = NO;
				DEBUG_INFORMATION_FORMAT = dwarf;
				ENABLE_STRICT_OBJC_MSGSEND = YES;
				ENABLE_TESTABILITY = YES;
				GCC_C_LANGUAGE_STANDARD = gnu11;
				GCC_DYNAMIC_NO_PIC = NO;
				GCC_NO_COMMON_BLOCKS = YES;
				GCC_OPTIMIZATION_LEVEL = 0;
				GCC_PREPROCESSOR_DEFINITIONS = (
					"DEBUG=1",
					"$(inherited)",
				);
				GCC_WARN_64_TO_32_BIT_CONVERSION = YES;
				GCC_WARN_ABOUT_RETURN_TYPE = YES_ERROR;
				GCC_WARN_UNDECLARED_SELECTOR = YES;
				GCC_WARN_UNINITIALIZED_AUTOS = YES_AGGRESSIVE;
				GCC_WARN_UNUSED_FUNCTION = YES;
				GCC_WARN_UNUSED_VARIABLE = YES;
				IPHONEOS_DEPLOYMENT_TARGET = 11.3;
				MTL_ENABLE_DEBUG_INFO = YES;
				ONLY_ACTIVE_ARCH = YES;
				SDKROOT = iphoneos;
				SWIFT_ACTIVE_COMPILATION_CONDITIONS = DEBUG;
				SWIFT_OPTIMIZATION_LEVEL = "-Onone";
			};
			name = Debug;
		};
		839023AF20FA7C7D009AB7D1 /* Release */ = {
			isa = XCBuildConfiguration;
			buildSettings = {
				ALWAYS_SEARCH_USER_PATHS = NO;
				CLANG_ANALYZER_NONNULL = YES;
				CLANG_ANALYZER_NUMBER_OBJECT_CONVERSION = YES_AGGRESSIVE;
				CLANG_CXX_LANGUAGE_STANDARD = "gnu++14";
				CLANG_CXX_LIBRARY = "libc++";
				CLANG_ENABLE_MODULES = YES;
				CLANG_ENABLE_OBJC_ARC = YES;
				CLANG_ENABLE_OBJC_WEAK = YES;
				CLANG_WARN_BLOCK_CAPTURE_AUTORELEASING = YES;
				CLANG_WARN_BOOL_CONVERSION = YES;
				CLANG_WARN_COMMA = YES;
				CLANG_WARN_CONSTANT_CONVERSION = YES;
				CLANG_WARN_DEPRECATED_OBJC_IMPLEMENTATIONS = YES;
				CLANG_WARN_DIRECT_OBJC_ISA_USAGE = YES_ERROR;
				CLANG_WARN_DOCUMENTATION_COMMENTS = YES;
				CLANG_WARN_EMPTY_BODY = YES;
				CLANG_WARN_ENUM_CONVERSION = YES;
				CLANG_WARN_INFINITE_RECURSION = YES;
				CLANG_WARN_INT_CONVERSION = YES;
				CLANG_WARN_NON_LITERAL_NULL_CONVERSION = YES;
				CLANG_WARN_OBJC_IMPLICIT_RETAIN_SELF = YES;
				CLANG_WARN_OBJC_LITERAL_CONVERSION = YES;
				CLANG_WARN_OBJC_ROOT_CLASS = YES_ERROR;
				CLANG_WARN_RANGE_LOOP_ANALYSIS = YES;
				CLANG_WARN_STRICT_PROTOTYPES = YES;
				CLANG_WARN_SUSPICIOUS_MOVE = YES;
				CLANG_WARN_UNGUARDED_AVAILABILITY = YES_AGGRESSIVE;
				CLANG_WARN_UNREACHABLE_CODE = YES;
				CLANG_WARN__DUPLICATE_METHOD_MATCH = YES;
				CODE_SIGN_IDENTITY = "iPhone Developer";
				COPY_PHASE_STRIP = NO;
				DEBUG_INFORMATION_FORMAT = "dwarf-with-dsym";
				ENABLE_NS_ASSERTIONS = NO;
				ENABLE_STRICT_OBJC_MSGSEND = YES;
				GCC_C_LANGUAGE_STANDARD = gnu11;
				GCC_NO_COMMON_BLOCKS = YES;
				GCC_WARN_64_TO_32_BIT_CONVERSION = YES;
				GCC_WARN_ABOUT_RETURN_TYPE = YES_ERROR;
				GCC_WARN_UNDECLARED_SELECTOR = YES;
				GCC_WARN_UNINITIALIZED_AUTOS = YES_AGGRESSIVE;
				GCC_WARN_UNUSED_FUNCTION = YES;
				GCC_WARN_UNUSED_VARIABLE = YES;
				IPHONEOS_DEPLOYMENT_TARGET = 11.3;
				MTL_ENABLE_DEBUG_INFO = NO;
				SDKROOT = iphoneos;
				SWIFT_COMPILATION_MODE = wholemodule;
				SWIFT_OPTIMIZATION_LEVEL = "-O";
				VALIDATE_PRODUCT = YES;
			};
			name = Release;
		};
		839023B120FA7C7D009AB7D1 /* Debug */ = {
			isa = XCBuildConfiguration;
			buildSettings = {
				ASSETCATALOG_COMPILER_APPICON_NAME = AppIcon;
				CODE_SIGN_STYLE = Automatic;
				DEVELOPMENT_TEAM = 9HFC26KL4U;
				FRAMEWORK_SEARCH_PATHS = (
					"$(inherited)",
					"$(PROJECT_DIR)/Carthage/Build/iOS",
					"$(PROJECT_DIR)/Carthage1/Build/iOS",
					"$(PROJECT_DIR)/Carthage2/Build/iOS",
				);
				INFOPLIST_FILE = "Bei Fisch frag Chrisch/Info.plist";
				IPHONEOS_DEPLOYMENT_TARGET = 11.3;
				LD_RUNPATH_SEARCH_PATHS = (
					"$(inherited)",
					"@executable_path/Frameworks",
				);
				PRODUCT_BUNDLE_IDENTIFIER = "westphal-chrstian.Bei-Fisch-frag-Chrisch";
				PRODUCT_NAME = "$(TARGET_NAME)";
				SWIFT_VERSION = 4.0;
				TARGETED_DEVICE_FAMILY = "1,2";
			};
			name = Debug;
		};
		839023B220FA7C7D009AB7D1 /* Release */ = {
			isa = XCBuildConfiguration;
			buildSettings = {
				ASSETCATALOG_COMPILER_APPICON_NAME = AppIcon;
				CODE_SIGN_STYLE = Automatic;
				DEVELOPMENT_TEAM = 9HFC26KL4U;
				FRAMEWORK_SEARCH_PATHS = (
					"$(inherited)",
					"$(PROJECT_DIR)/Carthage/Build/iOS",
					"$(PROJECT_DIR)/Carthage1/Build/iOS",
					"$(PROJECT_DIR)/Carthage2/Build/iOS",
				);
				INFOPLIST_FILE = "Bei Fisch frag Chrisch/Info.plist";
				IPHONEOS_DEPLOYMENT_TARGET = 11.3;
				LD_RUNPATH_SEARCH_PATHS = (
					"$(inherited)",
					"@executable_path/Frameworks",
				);
				PRODUCT_BUNDLE_IDENTIFIER = "westphal-chrstian.Bei-Fisch-frag-Chrisch";
				PRODUCT_NAME = "$(TARGET_NAME)";
				SWIFT_VERSION = 4.0;
				TARGETED_DEVICE_FAMILY = "1,2";
			};
			name = Release;
		};
		839023B420FA7C7D009AB7D1 /* Debug */ = {
			isa = XCBuildConfiguration;
			buildSettings = {
				ALWAYS_EMBED_SWIFT_STANDARD_LIBRARIES = YES;
				BUNDLE_LOADER = "$(TEST_HOST)";
				CODE_SIGN_STYLE = Automatic;
				DEVELOPMENT_TEAM = 9HFC26KL4U;
				INFOPLIST_FILE = "Bei Fisch frag ChrischTests/Info.plist";
				LD_RUNPATH_SEARCH_PATHS = (
					"$(inherited)",
					"@executable_path/Frameworks",
					"@loader_path/Frameworks",
				);
				PRODUCT_BUNDLE_IDENTIFIER = "westphal-chrstian.Bei-Fisch-frag-ChrischTests";
				PRODUCT_NAME = "$(TARGET_NAME)";
				SWIFT_VERSION = 4.0;
				TARGETED_DEVICE_FAMILY = "1,2";
				TEST_HOST = "$(BUILT_PRODUCTS_DIR)/Bei Fisch frag Chrisch.app/Bei Fisch frag Chrisch";
			};
			name = Debug;
		};
		839023B520FA7C7D009AB7D1 /* Release */ = {
			isa = XCBuildConfiguration;
			buildSettings = {
				ALWAYS_EMBED_SWIFT_STANDARD_LIBRARIES = YES;
				BUNDLE_LOADER = "$(TEST_HOST)";
				CODE_SIGN_STYLE = Automatic;
				DEVELOPMENT_TEAM = 9HFC26KL4U;
				INFOPLIST_FILE = "Bei Fisch frag ChrischTests/Info.plist";
				LD_RUNPATH_SEARCH_PATHS = (
					"$(inherited)",
					"@executable_path/Frameworks",
					"@loader_path/Frameworks",
				);
				PRODUCT_BUNDLE_IDENTIFIER = "westphal-chrstian.Bei-Fisch-frag-ChrischTests";
				PRODUCT_NAME = "$(TARGET_NAME)";
				SWIFT_VERSION = 4.0;
				TARGETED_DEVICE_FAMILY = "1,2";
				TEST_HOST = "$(BUILT_PRODUCTS_DIR)/Bei Fisch frag Chrisch.app/Bei Fisch frag Chrisch";
			};
			name = Release;
		};
		839023B720FA7C7D009AB7D1 /* Debug */ = {
			isa = XCBuildConfiguration;
			buildSettings = {
				ALWAYS_EMBED_SWIFT_STANDARD_LIBRARIES = YES;
				CODE_SIGN_STYLE = Automatic;
				DEVELOPMENT_TEAM = 9HFC26KL4U;
				INFOPLIST_FILE = "Bei Fisch frag ChrischUITests/Info.plist";
				LD_RUNPATH_SEARCH_PATHS = (
					"$(inherited)",
					"@executable_path/Frameworks",
					"@loader_path/Frameworks",
				);
				PRODUCT_BUNDLE_IDENTIFIER = "westphal-chrstian.Bei-Fisch-frag-ChrischUITests";
				PRODUCT_NAME = "$(TARGET_NAME)";
				SWIFT_VERSION = 4.0;
				TARGETED_DEVICE_FAMILY = "1,2";
				TEST_TARGET_NAME = "Bei Fisch frag Chrisch";
			};
			name = Debug;
		};
		839023B820FA7C7D009AB7D1 /* Release */ = {
			isa = XCBuildConfiguration;
			buildSettings = {
				ALWAYS_EMBED_SWIFT_STANDARD_LIBRARIES = YES;
				CODE_SIGN_STYLE = Automatic;
				DEVELOPMENT_TEAM = 9HFC26KL4U;
				INFOPLIST_FILE = "Bei Fisch frag ChrischUITests/Info.plist";
				LD_RUNPATH_SEARCH_PATHS = (
					"$(inherited)",
					"@executable_path/Frameworks",
					"@loader_path/Frameworks",
				);
				PRODUCT_BUNDLE_IDENTIFIER = "westphal-chrstian.Bei-Fisch-frag-ChrischUITests";
				PRODUCT_NAME = "$(TARGET_NAME)";
				SWIFT_VERSION = 4.0;
				TARGETED_DEVICE_FAMILY = "1,2";
				TEST_TARGET_NAME = "Bei Fisch frag Chrisch";
			};
			name = Release;
		};
/* End XCBuildConfiguration section */

/* Begin XCConfigurationList section */
		8390238320FA7C77009AB7D1 /* Build configuration list for PBXProject "Bei Fisch frag Chrisch" */ = {
			isa = XCConfigurationList;
			buildConfigurations = (
				839023AE20FA7C7D009AB7D1 /* Debug */,
				839023AF20FA7C7D009AB7D1 /* Release */,
			);
			defaultConfigurationIsVisible = 0;
			defaultConfigurationName = Release;
		};
		839023B020FA7C7D009AB7D1 /* Build configuration list for PBXNativeTarget "Bei Fisch frag Chrisch" */ = {
			isa = XCConfigurationList;
			buildConfigurations = (
				839023B120FA7C7D009AB7D1 /* Debug */,
				839023B220FA7C7D009AB7D1 /* Release */,
			);
			defaultConfigurationIsVisible = 0;
			defaultConfigurationName = Release;
		};
		839023B320FA7C7D009AB7D1 /* Build configuration list for PBXNativeTarget "Bei Fisch frag ChrischTests" */ = {
			isa = XCConfigurationList;
			buildConfigurations = (
				839023B420FA7C7D009AB7D1 /* Debug */,
				839023B520FA7C7D009AB7D1 /* Release */,
			);
			defaultConfigurationIsVisible = 0;
			defaultConfigurationName = Release;
		};
		839023B620FA7C7D009AB7D1 /* Build configuration list for PBXNativeTarget "Bei Fisch frag ChrischUITests" */ = {
			isa = XCConfigurationList;
			buildConfigurations = (
				839023B720FA7C7D009AB7D1 /* Debug */,
				839023B820FA7C7D009AB7D1 /* Release */,
			);
			defaultConfigurationIsVisible = 0;
			defaultConfigurationName = Release;
		};
/* End XCConfigurationList section */
	};
	rootObject = 8390238020FA7C77009AB7D1 /* Project object */;
}
